
Microsoft Visual Studio Solution File, Format Version 12.00
# Visual Studio Version 16
VisualStudioVersion = 16.0.30406.217
MinimumVisualStudioVersion = 10.0.40219.1
Project("{9A19103F-16F7-4668-BE54-9A1E7A4F7556}") = "MaxSumFinder", "MaxSumFinder.csproj", "{E4177129-65BB-49C2-A2A4-667B771EA7BE}"
EndProject
Project("{9A19103F-16F7-4668-BE54-9A1E7A4F7556}") = "MaxSumFinderTests", "..\MaxSumFinderTests\MaxSumFinderTests.csproj", "{DCF345AA-3308-4727-AA22-8FEF2455C4F3}"
EndProject
Global
	GlobalSection(SolutionConfigurationPlatforms) = preSolution
		Debug|Any CPU = Debug|Any CPU
		Release|Any CPU = Release|Any CPU
	EndGlobalSection
	GlobalSection(ProjectConfigurationPlatforms) = postSolution
		{E4177129-65BB-49C2-A2A4-667B771EA7BE}.Debug|Any CPU.ActiveCfg = Release|Any CPU
		{E4177129-65BB-49C2-A2A4-667B771EA7BE}.Debug|Any CPU.Build.0 = Release|Any CPU
		{E4177129-65BB-49C2-A2A4-667B771EA7BE}.Release|Any CPU.ActiveCfg = Release|Any CPU
		{E4177129-65BB-49C2-A2A4-667B771EA7BE}.Release|Any CPU.Build.0 = Release|Any CPU
		{DCF345AA-3308-4727-AA22-8FEF2455C4F3}.Debug|Any CPU.ActiveCfg = Release|Any CPU
		{DCF345AA-3308-4727-AA22-8FEF2455C4F3}.Debug|Any CPU.Build.0 = Release|Any CPU
		{DCF345AA-3308-4727-AA22-8FEF2455C4F3}.Release|Any CPU.ActiveCfg = Release|Any CPU
		{DCF345AA-3308-4727-AA22-8FEF2455C4F3}.Release|Any CPU.Build.0 = Release|Any CPU
	EndGlobalSection
	GlobalSection(SolutionProperties) = preSolution
		HideSolutionNode = FALSE
	EndGlobalSection
	GlobalSection(ExtensibilityGlobals) = postSolution
		SolutionGuid = {CA863D9D-0D0F-4049-9F50-67274BDB968C}
	EndGlobalSection
EndGlobal
